
Microsoft Visual Studio Solution File, Format Version 12.00
# Visual Studio Version 16
VisualStudioVersion = 16.0.31112.23
MinimumVisualStudioVersion = 10.0.40219.1
Project("{FAE04EC0-301F-11D3-BF4B-00C04F79EFBC}") = "Zestaw 6", "Zestaw 6\Zestaw 6.csproj", "{4C9C0F82-21B1-40FF-B027-0FD7CC0B63B5}"
EndProject
Global
	GlobalSection(SolutionConfigurationPlatforms) = preSolution
		Debug|Any CPU = Debug|Any CPU
		Release|Any CPU = Release|Any CPU
	EndGlobalSection
	GlobalSection(ProjectConfigurationPlatforms) = postSolution
		{4C9C0F82-21B1-40FF-B027-0FD7CC0B63B5}.Debug|Any CPU.ActiveCfg = Debug|Any CPU
		{4C9C0F82-21B1-40FF-B027-0FD7CC0B63B5}.Debug|Any CPU.Build.0 = Debug|Any CPU
		{4C9C0F82-21B1-40FF-B027-0FD7CC0B63B5}.Release|Any CPU.ActiveCfg = Release|Any CPU
		{4C9C0F82-21B1-40FF-B027-0FD7CC0B63B5}.Release|Any CPU.Build.0 = Release|Any CPU
	EndGlobalSection
	GlobalSection(SolutionProperties) = preSolution
		HideSolutionNode = FALSE
	EndGlobalSection
	GlobalSection(ExtensibilityGlobals) = postSolution
		SolutionGuid = {55CCB6D8-A1C7-44D9-94C6-7BAA1825D685}
	EndGlobalSection
EndGlobal
